
Microsoft Visual Studio Solution File, Format Version 12.00
# Visual Studio 15
Project("{FAE04EC0-301F-11D3-BF4B-00C04F79EFBC}") = "Assembly-CSharp", "Assembly-CSharp.csproj", "{72107D5B-F270-573F-6D65-6F6F036D111D}"
EndProject
Project("{FAE04EC0-301F-11D3-BF4B-00C04F79EFBC}") = "Assembly-CSharp-firstpass", "Assembly-CSharp-firstpass.csproj", "{E64E9840-F3BF-FAB9-EFFD-882E97DDA7F4}"
EndProject
Project("{FAE04EC0-301F-11D3-BF4B-00C04F79EFBC}") = "Assembly-CSharp-Editor-firstpass", "Assembly-CSharp-Editor-firstpass.csproj", "{2A9FCE57-5D48-FC10-527A-8DC39C66B138}"
EndProject
Project("{FAE04EC0-301F-11D3-BF4B-00C04F79EFBC}") = "Assembly-CSharp-Editor", "Assembly-CSharp-Editor.csproj", "{38A56DF0-F1E6-0EFB-E855-CCB490FC53C8}"
EndProject
Global
	GlobalSection(SolutionConfigurationPlatforms) = preSolution
		Debug|Any CPU = Debug|Any CPU
		Release|Any CPU = Release|Any CPU
	EndGlobalSection
	GlobalSection(ProjectConfigurationPlatforms) = postSolution
		{72107D5B-F270-573F-6D65-6F6F036D111D}.Debug|Any CPU.ActiveCfg = Debug|Any CPU
		{72107D5B-F270-573F-6D65-6F6F036D111D}.Debug|Any CPU.Build.0 = Debug|Any CPU
		{72107D5B-F270-573F-6D65-6F6F036D111D}.Release|Any CPU.ActiveCfg = Release|Any CPU
		{72107D5B-F270-573F-6D65-6F6F036D111D}.Release|Any CPU.Build.0 = Release|Any CPU
		{E64E9840-F3BF-FAB9-EFFD-882E97DDA7F4}.Debug|Any CPU.ActiveCfg = Debug|Any CPU
		{E64E9840-F3BF-FAB9-EFFD-882E97DDA7F4}.Debug|Any CPU.Build.0 = Debug|Any CPU
		{E64E9840-F3BF-FAB9-EFFD-882E97DDA7F4}.Release|Any CPU.ActiveCfg = Release|Any CPU
		{E64E9840-F3BF-FAB9-EFFD-882E97DDA7F4}.Release|Any CPU.Build.0 = Release|Any CPU
		{2A9FCE57-5D48-FC10-527A-8DC39C66B138}.Debug|Any CPU.ActiveCfg = Debug|Any CPU
		{2A9FCE57-5D48-FC10-527A-8DC39C66B138}.Debug|Any CPU.Build.0 = Debug|Any CPU
		{2A9FCE57-5D48-FC10-527A-8DC39C66B138}.Release|Any CPU.ActiveCfg = Release|Any CPU
		{2A9FCE57-5D48-FC10-527A-8DC39C66B138}.Release|Any CPU.Build.0 = Release|Any CPU
		{38A56DF0-F1E6-0EFB-E855-CCB490FC53C8}.Debug|Any CPU.ActiveCfg = Debug|Any CPU
		{38A56DF0-F1E6-0EFB-E855-CCB490FC53C8}.Debug|Any CPU.Build.0 = Debug|Any CPU
		{38A56DF0-F1E6-0EFB-E855-CCB490FC53C8}.Release|Any CPU.ActiveCfg = Release|Any CPU
		{38A56DF0-F1E6-0EFB-E855-CCB490FC53C8}.Release|Any CPU.Build.0 = Release|Any CPU
	EndGlobalSection
	GlobalSection(SolutionProperties) = preSolution
		HideSolutionNode = FALSE
	EndGlobalSection
	GlobalSection(MonoDevelopProperties) = preSolution
		StartupItem = Assembly-CSharp.csproj
	EndGlobalSection
EndGlobal
